// !$*UTF8*$!
{
	archiveVersion = 1;
	classes = {
	};
	objectVersion = 50;
	objects = {

/* Begin PBXBuildFile section */
		AE118F9423B02D8B0025B732 /* Shield.swift in Sources */ = {isa = PBXBuildFile; fileRef = AE118F9323B02D8B0025B732 /* Shield.swift */; };
		AE118F9723B02DA90025B732 /* Weapon.swift in Sources */ = {isa = PBXBuildFile; fileRef = AE118F9623B02DA90025B732 /* Weapon.swift */; };
		AE118F9923B07F620025B732 /* Tool.swift in Sources */ = {isa = PBXBuildFile; fileRef = AE118F9823B07F620025B732 /* Tool.swift */; };
		AE5E0AE323AC32FC00C9FC54 /* Knight.swift in Sources */ = {isa = PBXBuildFile; fileRef = AE5E0AE223AC32FC00C9FC54 /* Knight.swift */; };
		AE5E0AE523AC331E00C9FC54 /* Wizard.swift in Sources */ = {isa = PBXBuildFile; fileRef = AE5E0AE423AC331E00C9FC54 /* Wizard.swift */; };
		AE5E0AE723AC333200C9FC54 /* Squire.swift in Sources */ = {isa = PBXBuildFile; fileRef = AE5E0AE623AC333200C9FC54 /* Squire.swift */; };
		AE5E0AE923AC334900C9FC54 /* King.swift in Sources */ = {isa = PBXBuildFile; fileRef = AE5E0AE823AC334900C9FC54 /* King.swift */; };
		AE5E0AF423AC612C00C9FC54 /* Clothing.swift in Sources */ = {isa = PBXBuildFile; fileRef = AE5E0AF323AC612C00C9FC54 /* Clothing.swift */; };
		AE5E0AF623ADC35300C9FC54 /* clothingClasses.swift in Sources */ = {isa = PBXBuildFile; fileRef = AE5E0AF523ADC35300C9FC54 /* clothingClasses.swift */; };
		AE9B8AED23AAC65300F8F47D /* AppDelegate.swift in Sources */ = {isa = PBXBuildFile; fileRef = AE9B8AEC23AAC65300F8F47D /* AppDelegate.swift */; };
		AE9B8AF323AAC65300F8F47D /* GameScene.swift in Sources */ = {isa = PBXBuildFile; fileRef = AE9B8AF223AAC65300F8F47D /* GameScene.swift */; };
		AE9B8AF523AAC65300F8F47D /* GameViewController.swift in Sources */ = {isa = PBXBuildFile; fileRef = AE9B8AF423AAC65300F8F47D /* GameViewController.swift */; };
		AE9B8AF823AAC65300F8F47D /* Main.storyboard in Resources */ = {isa = PBXBuildFile; fileRef = AE9B8AF623AAC65300F8F47D /* Main.storyboard */; };
		AE9B8AFA23AAC65600F8F47D /* Assets.xcassets in Resources */ = {isa = PBXBuildFile; fileRef = AE9B8AF923AAC65600F8F47D /* Assets.xcassets */; };
		AE9B8AFD23AAC65600F8F47D /* LaunchScreen.storyboard in Resources */ = {isa = PBXBuildFile; fileRef = AE9B8AFB23AAC65600F8F47D /* LaunchScreen.storyboard */; };
		AE9B8B0723ABD89700F8F47D /* camera.swift in Sources */ = {isa = PBXBuildFile; fileRef = AE9B8B0623ABD89700F8F47D /* camera.swift */; };
		AE9B8B0923ABD89900F8F47D /* colors.swift in Sources */ = {isa = PBXBuildFile; fileRef = AE9B8B0823ABD89900F8F47D /* colors.swift */; };
		AE9B8B0C23ABDB9600F8F47D /* Human.swift in Sources */ = {isa = PBXBuildFile; fileRef = AE9B8B0B23ABDB9600F8F47D /* Human.swift */; };
		AE9B8B0E23ABDC9B00F8F47D /* Item.swift in Sources */ = {isa = PBXBuildFile; fileRef = AE9B8B0D23ABDC9B00F8F47D /* Item.swift */; };
		AE9B8B1223AC24FB00F8F47D /* structClothing.swift in Sources */ = {isa = PBXBuildFile; fileRef = AE9B8B1123AC24FB00F8F47D /* structClothing.swift */; };
/* End PBXBuildFile section */

/* Begin PBXFileReference section */
		AE118F9323B02D8B0025B732 /* Shield.swift */ = {isa = PBXFileReference; lastKnownFileType = sourcecode.swift; path = Shield.swift; sourceTree = "<group>"; };
		AE118F9623B02DA90025B732 /* Weapon.swift */ = {isa = PBXFileReference; lastKnownFileType = sourcecode.swift; path = Weapon.swift; sourceTree = "<group>"; };
		AE118F9823B07F620025B732 /* Tool.swift */ = {isa = PBXFileReference; lastKnownFileType = sourcecode.swift; path = Tool.swift; sourceTree = "<group>"; };
		AE5E0AE223AC32FC00C9FC54 /* Knight.swift */ = {isa = PBXFileReference; lastKnownFileType = sourcecode.swift; path = Knight.swift; sourceTree = "<group>"; };
		AE5E0AE423AC331E00C9FC54 /* Wizard.swift */ = {isa = PBXFileReference; lastKnownFileType = sourcecode.swift; path = Wizard.swift; sourceTree = "<group>"; };
		AE5E0AE623AC333200C9FC54 /* Squire.swift */ = {isa = PBXFileReference; lastKnownFileType = sourcecode.swift; path = Squire.swift; sourceTree = "<group>"; };
		AE5E0AE823AC334900C9FC54 /* King.swift */ = {isa = PBXFileReference; lastKnownFileType = sourcecode.swift; path = King.swift; sourceTree = "<group>"; };
		AE5E0AF323AC612C00C9FC54 /* Clothing.swift */ = {isa = PBXFileReference; lastKnownFileType = sourcecode.swift; path = Clothing.swift; sourceTree = "<group>"; };
		AE5E0AF523ADC35300C9FC54 /* clothingClasses.swift */ = {isa = PBXFileReference; lastKnownFileType = sourcecode.swift; path = clothingClasses.swift; sourceTree = "<group>"; };
		AE9B8AE923AAC65300F8F47D /* No Man's Land.app */ = {isa = PBXFileReference; explicitFileType = wrapper.application; includeInIndex = 0; path = "No Man's Land.app"; sourceTree = BUILT_PRODUCTS_DIR; };
		AE9B8AEC23AAC65300F8F47D /* AppDelegate.swift */ = {isa = PBXFileReference; lastKnownFileType = sourcecode.swift; path = AppDelegate.swift; sourceTree = "<group>"; };
		AE9B8AF223AAC65300F8F47D /* GameScene.swift */ = {isa = PBXFileReference; lastKnownFileType = sourcecode.swift; path = GameScene.swift; sourceTree = "<group>"; };
		AE9B8AF423AAC65300F8F47D /* GameViewController.swift */ = {isa = PBXFileReference; lastKnownFileType = sourcecode.swift; path = GameViewController.swift; sourceTree = "<group>"; };
		AE9B8AF723AAC65300F8F47D /* Base */ = {isa = PBXFileReference; lastKnownFileType = file.storyboard; name = Base; path = Base.lproj/Main.storyboard; sourceTree = "<group>"; };
		AE9B8AF923AAC65600F8F47D /* Assets.xcassets */ = {isa = PBXFileReference; lastKnownFileType = folder.assetcatalog; path = Assets.xcassets; sourceTree = "<group>"; };
		AE9B8AFC23AAC65600F8F47D /* Base */ = {isa = PBXFileReference; lastKnownFileType = file.storyboard; name = Base; path = Base.lproj/LaunchScreen.storyboard; sourceTree = "<group>"; };
		AE9B8AFE23AAC65600F8F47D /* Info.plist */ = {isa = PBXFileReference; lastKnownFileType = text.plist.xml; path = Info.plist; sourceTree = "<group>"; };
		AE9B8B0623ABD89700F8F47D /* camera.swift */ = {isa = PBXFileReference; lastKnownFileType = sourcecode.swift; path = camera.swift; sourceTree = "<group>"; };
		AE9B8B0823ABD89900F8F47D /* colors.swift */ = {isa = PBXFileReference; lastKnownFileType = sourcecode.swift; path = colors.swift; sourceTree = "<group>"; };
		AE9B8B0B23ABDB9600F8F47D /* Human.swift */ = {isa = PBXFileReference; lastKnownFileType = sourcecode.swift; path = Human.swift; sourceTree = "<group>"; };
		AE9B8B0D23ABDC9B00F8F47D /* Item.swift */ = {isa = PBXFileReference; lastKnownFileType = sourcecode.swift; path = Item.swift; sourceTree = "<group>"; };
		AE9B8B1123AC24FB00F8F47D /* structClothing.swift */ = {isa = PBXFileReference; lastKnownFileType = sourcecode.swift; path = structClothing.swift; sourceTree = "<group>"; };
/* End PBXFileReference section */

/* Begin PBXFrameworksBuildPhase section */
		AE9B8AE623AAC65300F8F47D /* Frameworks */ = {
			isa = PBXFrameworksBuildPhase;
			buildActionMask = 2147483647;
			files = (
			);
			runOnlyForDeploymentPostprocessing = 0;
		};
/* End PBXFrameworksBuildPhase section */

/* Begin PBXGroup section */
		AE118F9523B02D930025B732 /* Hand Held */ = {
			isa = PBXGroup;
			children = (
				AE118F9323B02D8B0025B732 /* Shield.swift */,
				AE118F9623B02DA90025B732 /* Weapon.swift */,
				AE118F9823B07F620025B732 /* Tool.swift */,
			);
			path = "Hand Held";
			sourceTree = "<group>";
		};
		AE5E0AEA23AC604600C9FC54 /* Clothing */ = {
			isa = PBXGroup;
			children = (
				AE5E0AF323AC612C00C9FC54 /* Clothing.swift */,
				AE9B8B1123AC24FB00F8F47D /* structClothing.swift */,
				AE5E0AF523ADC35300C9FC54 /* clothingClasses.swift */,
			);
			path = Clothing;
			sourceTree = "<group>";
		};
		AE9B8AE023AAC65300F8F47D = {
			isa = PBXGroup;
			children = (
				AE9B8AEB23AAC65300F8F47D /* No Man's Land */,
				AE9B8AEA23AAC65300F8F47D /* Products */,
			);
			sourceTree = "<group>";
		};
		AE9B8AEA23AAC65300F8F47D /* Products */ = {
			isa = PBXGroup;
			children = (
				AE9B8AE923AAC65300F8F47D /* No Man's Land.app */,
			);
			name = Products;
			sourceTree = "<group>";
		};
		AE9B8AEB23AAC65300F8F47D /* No Man's Land */ = {
			isa = PBXGroup;
			children = (
				AE9B8B0A23ABD8A900F8F47D /* Global */,
				AE9B8AEC23AAC65300F8F47D /* AppDelegate.swift */,
				AE9B8AF223AAC65300F8F47D /* GameScene.swift */,
				AE9B8AF423AAC65300F8F47D /* GameViewController.swift */,
				AE9B8AF623AAC65300F8F47D /* Main.storyboard */,
				AE9B8AF923AAC65600F8F47D /* Assets.xcassets */,
				AE9B8AFB23AAC65600F8F47D /* LaunchScreen.storyboard */,
				AE9B8AFE23AAC65600F8F47D /* Info.plist */,
			);
			path = "No Man's Land";
			sourceTree = "<group>";
		};
		AE9B8B0A23ABD8A900F8F47D /* Global */ = {
			isa = PBXGroup;
			children = (
				AE9B8B0623ABD89700F8F47D /* camera.swift */,
				AE9B8B0823ABD89900F8F47D /* colors.swift */,
				AE9B8B0D23ABDC9B00F8F47D /* Item.swift */,
				AE9B8B1323AC306E00F8F47D /* Humans */,
			);
			path = Global;
			sourceTree = "<group>";
		};
		AE9B8B1323AC306E00F8F47D /* Humans */ = {
			isa = PBXGroup;
			children = (
				AE5E0AEA23AC604600C9FC54 /* Clothing */,
				AE118F9523B02D930025B732 /* Hand Held */,
				AE9B8B0B23ABDB9600F8F47D /* Human.swift */,
				AE5E0AE223AC32FC00C9FC54 /* Knight.swift */,
				AE5E0AE423AC331E00C9FC54 /* Wizard.swift */,
				AE5E0AE623AC333200C9FC54 /* Squire.swift */,
				AE5E0AE823AC334900C9FC54 /* King.swift */,
			);
			path = Humans;
			sourceTree = "<group>";
		};
/* End PBXGroup section */

/* Begin PBXNativeTarget section */
		AE9B8AE823AAC65300F8F47D /* No Man's Land */ = {
			isa = PBXNativeTarget;
			buildConfigurationList = AE9B8B0123AAC65600F8F47D /* Build configuration list for PBXNativeTarget "No Man's Land" */;
			buildPhases = (
				AE9B8AE523AAC65300F8F47D /* Sources */,
				AE9B8AE623AAC65300F8F47D /* Frameworks */,
				AE9B8AE723AAC65300F8F47D /* Resources */,
			);
			buildRules = (
			);
			dependencies = (
			);
			name = "No Man's Land";
			productName = "No Man's Land";
			productReference = AE9B8AE923AAC65300F8F47D /* No Man's Land.app */;
			productType = "com.apple.product-type.application";
		};
/* End PBXNativeTarget section */

/* Begin PBXProject section */
		AE9B8AE123AAC65300F8F47D /* Project object */ = {
			isa = PBXProject;
			attributes = {
				LastSwiftUpdateCheck = 1120;
				LastUpgradeCheck = 1120;
				ORGANIZATIONNAME = "Andrew Sheron";
				TargetAttributes = {
					AE9B8AE823AAC65300F8F47D = {
						CreatedOnToolsVersion = 11.2;
					};
				};
			};
			buildConfigurationList = AE9B8AE423AAC65300F8F47D /* Build configuration list for PBXProject "No Man's Land" */;
			compatibilityVersion = "Xcode 9.3";
			developmentRegion = en;
			hasScannedForEncodings = 0;
			knownRegions = (
				en,
				Base,
			);
			mainGroup = AE9B8AE023AAC65300F8F47D;
			productRefGroup = AE9B8AEA23AAC65300F8F47D /* Products */;
			projectDirPath = "";
			projectRoot = "";
			targets = (
				AE9B8AE823AAC65300F8F47D /* No Man's Land */,
			);
		};
/* End PBXProject section */

/* Begin PBXResourcesBuildPhase section */
		AE9B8AE723AAC65300F8F47D /* Resources */ = {
			isa = PBXResourcesBuildPhase;
			buildActionMask = 2147483647;
			files = (
				AE9B8AF823AAC65300F8F47D /* Main.storyboard in Resources */,
				AE9B8AFA23AAC65600F8F47D /* Assets.xcassets in Resources */,
				AE9B8AFD23AAC65600F8F47D /* LaunchScreen.storyboard in Resources */,
			);
			runOnlyForDeploymentPostprocessing = 0;
		};
/* End PBXResourcesBuildPhase section */

/* Begin PBXSourcesBuildPhase section */
		AE9B8AE523AAC65300F8F47D /* Sources */ = {
			isa = PBXSourcesBuildPhase;
			buildActionMask = 2147483647;
			files = (
				AE9B8B0723ABD89700F8F47D /* camera.swift in Sources */,
				AE118F9423B02D8B0025B732 /* Shield.swift in Sources */,
				AE118F9923B07F620025B732 /* Tool.swift in Sources */,
				AE9B8B1223AC24FB00F8F47D /* structClothing.swift in Sources */,
				AE5E0AE923AC334900C9FC54 /* King.swift in Sources */,
				AE9B8B0C23ABDB9600F8F47D /* Human.swift in Sources */,
				AE118F9723B02DA90025B732 /* Weapon.swift in Sources */,
				AE9B8B0923ABD89900F8F47D /* colors.swift in Sources */,
				AE5E0AE723AC333200C9FC54 /* Squire.swift in Sources */,
				AE5E0AE323AC32FC00C9FC54 /* Knight.swift in Sources */,
				AE9B8AF323AAC65300F8F47D /* GameScene.swift in Sources */,
				AE5E0AF623ADC35300C9FC54 /* clothingClasses.swift in Sources */,
				AE5E0AF423AC612C00C9FC54 /* Clothing.swift in Sources */,
				AE9B8B0E23ABDC9B00F8F47D /* Item.swift in Sources */,
				AE9B8AF523AAC65300F8F47D /* GameViewController.swift in Sources */,
				AE5E0AE523AC331E00C9FC54 /* Wizard.swift in Sources */,
				AE9B8AED23AAC65300F8F47D /* AppDelegate.swift in Sources */,
			);
			runOnlyForDeploymentPostprocessing = 0;
		};
/* End PBXSourcesBuildPhase section */

/* Begin PBXVariantGroup section */
		AE9B8AF623AAC65300F8F47D /* Main.storyboard */ = {
			isa = PBXVariantGroup;
			children = (
				AE9B8AF723AAC65300F8F47D /* Base */,
			);
			name = Main.storyboard;
			sourceTree = "<group>";
		};
		AE9B8AFB23AAC65600F8F47D /* LaunchScreen.storyboard */ = {
			isa = PBXVariantGroup;
			children = (
				AE9B8AFC23AAC65600F8F47D /* Base */,
			);
			name = LaunchScreen.storyboard;
			sourceTree = "<group>";
		};
/* End PBXVariantGroup section */

/* Begin XCBuildConfiguration section */
		AE9B8AFF23AAC65600F8F47D /* Debug */ = {
			isa = XCBuildConfiguration;
			buildSettings = {
				ALWAYS_SEARCH_USER_PATHS = NO;
				CLANG_ANALYZER_NONNULL = YES;
				CLANG_ANALYZER_NUMBER_OBJECT_CONVERSION = YES_AGGRESSIVE;
				CLANG_CXX_LANGUAGE_STANDARD = "gnu++14";
				CLANG_CXX_LIBRARY = "libc++";
				CLANG_ENABLE_MODULES = YES;
				CLANG_ENABLE_OBJC_ARC = YES;
				CLANG_ENABLE_OBJC_WEAK = YES;
				CLANG_WARN_BLOCK_CAPTURE_AUTORELEASING = YES;
				CLANG_WARN_BOOL_CONVERSION = YES;
				CLANG_WARN_COMMA = YES;
				CLANG_WARN_CONSTANT_CONVERSION = YES;
				CLANG_WARN_DEPRECATED_OBJC_IMPLEMENTATIONS = YES;
				CLANG_WARN_DIRECT_OBJC_ISA_USAGE = YES_ERROR;
				CLANG_WARN_DOCUMENTATION_COMMENTS = YES;
				CLANG_WARN_EMPTY_BODY = YES;
				CLANG_WARN_ENUM_CONVERSION = YES;
				CLANG_WARN_INFINITE_RECURSION = YES;
				CLANG_WARN_INT_CONVERSION = YES;
				CLANG_WARN_NON_LITERAL_NULL_CONVERSION = YES;
				CLANG_WARN_OBJC_IMPLICIT_RETAIN_SELF = YES;
				CLANG_WARN_OBJC_LITERAL_CONVERSION = YES;
				CLANG_WARN_OBJC_ROOT_CLASS = YES_ERROR;
				CLANG_WARN_RANGE_LOOP_ANALYSIS = YES;
				CLANG_WARN_STRICT_PROTOTYPES = YES;
				CLANG_WARN_SUSPICIOUS_MOVE = YES;
				CLANG_WARN_UNGUARDED_AVAILABILITY = YES_AGGRESSIVE;
				CLANG_WARN_UNREACHABLE_CODE = YES;
				CLANG_WARN__DUPLICATE_METHOD_MATCH = YES;
				COPY_PHASE_STRIP = NO;
				DEBUG_INFORMATION_FORMAT = dwarf;
				ENABLE_STRICT_OBJC_MSGSEND = YES;
				ENABLE_TESTABILITY = YES;
				GCC_C_LANGUAGE_STANDARD = gnu11;
				GCC_DYNAMIC_NO_PIC = NO;
				GCC_NO_COMMON_BLOCKS = YES;
				GCC_OPTIMIZATION_LEVEL = 0;
				GCC_PREPROCESSOR_DEFINITIONS = (
					"DEBUG=1",
					"$(inherited)",
				);
				GCC_WARN_64_TO_32_BIT_CONVERSION = YES;
				GCC_WARN_ABOUT_RETURN_TYPE = YES_ERROR;
				GCC_WARN_UNDECLARED_SELECTOR = YES;
				GCC_WARN_UNINITIALIZED_AUTOS = YES_AGGRESSIVE;
				GCC_WARN_UNUSED_FUNCTION = YES;
				GCC_WARN_UNUSED_VARIABLE = YES;
				IPHONEOS_DEPLOYMENT_TARGET = 13.2;
				MTL_ENABLE_DEBUG_INFO = INCLUDE_SOURCE;
				MTL_FAST_MATH = YES;
				ONLY_ACTIVE_ARCH = YES;
				SDKROOT = iphoneos;
				SWIFT_ACTIVE_COMPILATION_CONDITIONS = DEBUG;
				SWIFT_OPTIMIZATION_LEVEL = "-Onone";
			};
			name = Debug;
		};
		AE9B8B0023AAC65600F8F47D /* Release */ = {
			isa = XCBuildConfiguration;
			buildSettings = {
				ALWAYS_SEARCH_USER_PATHS = NO;
				CLANG_ANALYZER_NONNULL = YES;
				CLANG_ANALYZER_NUMBER_OBJECT_CONVERSION = YES_AGGRESSIVE;
				CLANG_CXX_LANGUAGE_STANDARD = "gnu++14";
				CLANG_CXX_LIBRARY = "libc++";
				CLANG_ENABLE_MODULES = YES;
				CLANG_ENABLE_OBJC_ARC = YES;
				CLANG_ENABLE_OBJC_WEAK = YES;
				CLANG_WARN_BLOCK_CAPTURE_AUTORELEASING = YES;
				CLANG_WARN_BOOL_CONVERSION = YES;
				CLANG_WARN_COMMA = YES;
				CLANG_WARN_CONSTANT_CONVERSION = YES;
				CLANG_WARN_DEPRECATED_OBJC_IMPLEMENTATIONS = YES;
				CLANG_WARN_DIRECT_OBJC_ISA_USAGE = YES_ERROR;
				CLANG_WARN_DOCUMENTATION_COMMENTS = YES;
				CLANG_WARN_EMPTY_BODY = YES;
				CLANG_WARN_ENUM_CONVERSION = YES;
				CLANG_WARN_INFINITE_RECURSION = YES;
				CLANG_WARN_INT_CONVERSION = YES;
				CLANG_WARN_NON_LITERAL_NULL_CONVERSION = YES;
				CLANG_WARN_OBJC_IMPLICIT_RETAIN_SELF = YES;
				CLANG_WARN_OBJC_LITERAL_CONVERSION = YES;
				CLANG_WARN_OBJC_ROOT_CLASS = YES_ERROR;
				CLANG_WARN_RANGE_LOOP_ANALYSIS = YES;
				CLANG_WARN_STRICT_PROTOTYPES = YES;
				CLANG_WARN_SUSPICIOUS_MOVE = YES;
				CLANG_WARN_UNGUARDED_AVAILABILITY = YES_AGGRESSIVE;
				CLANG_WARN_UNREACHABLE_CODE = YES;
				CLANG_WARN__DUPLICATE_METHOD_MATCH = YES;
				COPY_PHASE_STRIP = NO;
				DEBUG_INFORMATION_FORMAT = "dwarf-with-dsym";
				ENABLE_NS_ASSERTIONS = NO;
				ENABLE_STRICT_OBJC_MSGSEND = YES;
				GCC_C_LANGUAGE_STANDARD = gnu11;
				GCC_NO_COMMON_BLOCKS = YES;
				GCC_WARN_64_TO_32_BIT_CONVERSION = YES;
				GCC_WARN_ABOUT_RETURN_TYPE = YES_ERROR;
				GCC_WARN_UNDECLARED_SELECTOR = YES;
				GCC_WARN_UNINITIALIZED_AUTOS = YES_AGGRESSIVE;
				GCC_WARN_UNUSED_FUNCTION = YES;
				GCC_WARN_UNUSED_VARIABLE = YES;
				IPHONEOS_DEPLOYMENT_TARGET = 13.2;
				MTL_ENABLE_DEBUG_INFO = NO;
				MTL_FAST_MATH = YES;
				SDKROOT = iphoneos;
				SWIFT_COMPILATION_MODE = wholemodule;
				SWIFT_OPTIMIZATION_LEVEL = "-O";
				VALIDATE_PRODUCT = YES;
			};
			name = Release;
		};
		AE9B8B0223AAC65600F8F47D /* Debug */ = {
			isa = XCBuildConfiguration;
			buildSettings = {
				ASSETCATALOG_COMPILER_APPICON_NAME = AppIcon;
				CODE_SIGN_STYLE = Automatic;
				DEVELOPMENT_TEAM = NMV2R8627Y;
				INFOPLIST_FILE = "No Man's Land/Info.plist";
				LD_RUNPATH_SEARCH_PATHS = (
					"$(inherited)",
					"@executable_path/Frameworks",
				);
				PRODUCT_BUNDLE_IDENTIFIER = "com.AFS.No-Man-s-Land";
				PRODUCT_NAME = "$(TARGET_NAME)";
				SWIFT_VERSION = 5.0;
				TARGETED_DEVICE_FAMILY = "1,2";
			};
			name = Debug;
		};
		AE9B8B0323AAC65600F8F47D /* Release */ = {
			isa = XCBuildConfiguration;
			buildSettings = {
				ASSETCATALOG_COMPILER_APPICON_NAME = AppIcon;
				CODE_SIGN_STYLE = Automatic;
				DEVELOPMENT_TEAM = NMV2R8627Y;
				INFOPLIST_FILE = "No Man's Land/Info.plist";
				LD_RUNPATH_SEARCH_PATHS = (
					"$(inherited)",
					"@executable_path/Frameworks",
				);
				PRODUCT_BUNDLE_IDENTIFIER = "com.AFS.No-Man-s-Land";
				PRODUCT_NAME = "$(TARGET_NAME)";
				SWIFT_VERSION = 5.0;
				TARGETED_DEVICE_FAMILY = "1,2";
			};
			name = Release;
		};
/* End XCBuildConfiguration section */

/* Begin XCConfigurationList section */
		AE9B8AE423AAC65300F8F47D /* Build configuration list for PBXProject "No Man's Land" */ = {
			isa = XCConfigurationList;
			buildConfigurations = (
				AE9B8AFF23AAC65600F8F47D /* Debug */,
				AE9B8B0023AAC65600F8F47D /* Release */,
			);
			defaultConfigurationIsVisible = 0;
			defaultConfigurationName = Release;
		};
		AE9B8B0123AAC65600F8F47D /* Build configuration list for PBXNativeTarget "No Man's Land" */ = {
			isa = XCConfigurationList;
			buildConfigurations = (
				AE9B8B0223AAC65600F8F47D /* Debug */,
				AE9B8B0323AAC65600F8F47D /* Release */,
			);
			defaultConfigurationIsVisible = 0;
			defaultConfigurationName = Release;
		};
/* End XCConfigurationList section */
	};
	rootObject = AE9B8AE123AAC65300F8F47D /* Project object */;
}
